
Microsoft Visual Studio Solution File, Format Version 12.00
# Visual Studio 15
VisualStudioVersion = 15.0.28307.136
MinimumVisualStudioVersion = 10.0.40219.1
Project("{FAE04EC0-301F-11D3-BF4B-00C04F79EFBC}") = "Plugins", "Plugins\Plugins.csproj", "{63E47CBF-51C7-40AD-A9CD-7812F0200E6E}"
EndProject
Project("{FAE04EC0-301F-11D3-BF4B-00C04F79EFBC}") = "Webresources", "Webresources\Webresources.csproj", "{C062E39A-4105-4556-AC57-5F7F0E3EAEA5}"
EndProject
Project("{FAE04EC0-301F-11D3-BF4B-00C04F79EFBC}") = "Solution", "Solution\Solution.csproj", "{435C210D-52EF-49DA-B11F-D27C4450BC51}"
EndProject
Project("{FAE04EC0-301F-11D3-BF4B-00C04F79EFBC}") = "Plugins.Tests", "Plugins.Tests\Plugins.Tests.csproj", "{ACA1C99D-8874-4704-9077-ADFC76F82CAB}"
EndProject
Global
	GlobalSection(SolutionConfigurationPlatforms) = preSolution
		Debug|Any CPU = Debug|Any CPU
		Release|Any CPU = Release|Any CPU
	EndGlobalSection
	GlobalSection(ProjectConfigurationPlatforms) = postSolution
		{63E47CBF-51C7-40AD-A9CD-7812F0200E6E}.Debug|Any CPU.ActiveCfg = Debug|Any CPU
		{63E47CBF-51C7-40AD-A9CD-7812F0200E6E}.Debug|Any CPU.Build.0 = Debug|Any CPU
		{63E47CBF-51C7-40AD-A9CD-7812F0200E6E}.Release|Any CPU.ActiveCfg = Release|Any CPU
		{63E47CBF-51C7-40AD-A9CD-7812F0200E6E}.Release|Any CPU.Build.0 = Release|Any CPU
		{C062E39A-4105-4556-AC57-5F7F0E3EAEA5}.Debug|Any CPU.ActiveCfg = Debug|Any CPU
		{C062E39A-4105-4556-AC57-5F7F0E3EAEA5}.Debug|Any CPU.Build.0 = Debug|Any CPU
		{C062E39A-4105-4556-AC57-5F7F0E3EAEA5}.Release|Any CPU.ActiveCfg = Release|Any CPU
		{C062E39A-4105-4556-AC57-5F7F0E3EAEA5}.Release|Any CPU.Build.0 = Release|Any CPU
		{435C210D-52EF-49DA-B11F-D27C4450BC51}.Debug|Any CPU.ActiveCfg = Debug|Any CPU
		{435C210D-52EF-49DA-B11F-D27C4450BC51}.Debug|Any CPU.Build.0 = Debug|Any CPU
		{435C210D-52EF-49DA-B11F-D27C4450BC51}.Release|Any CPU.ActiveCfg = Release|Any CPU
		{435C210D-52EF-49DA-B11F-D27C4450BC51}.Release|Any CPU.Build.0 = Release|Any CPU
		{ACA1C99D-8874-4704-9077-ADFC76F82CAB}.Debug|Any CPU.ActiveCfg = Debug|Any CPU
		{ACA1C99D-8874-4704-9077-ADFC76F82CAB}.Debug|Any CPU.Build.0 = Debug|Any CPU
		{ACA1C99D-8874-4704-9077-ADFC76F82CAB}.Release|Any CPU.ActiveCfg = Release|Any CPU
		{ACA1C99D-8874-4704-9077-ADFC76F82CAB}.Release|Any CPU.Build.0 = Release|Any CPU
	EndGlobalSection
	GlobalSection(SolutionProperties) = preSolution
		HideSolutionNode = FALSE
	EndGlobalSection
	GlobalSection(ExtensibilityGlobals) = postSolution
		SolutionGuid = {9B00D3BC-646A-485E-AE99-C7F08FCA4EEC}
	EndGlobalSection
EndGlobal
